// !$*UTF8*$!
{
	archiveVersion = 1;
	classes = {
	};
	objectVersion = 50;
	objects = {

/* Begin PBXBuildFile section */
		C131584B25250BEA00BBFA57 /* AppDelegate.swift in Sources */ = {isa = PBXBuildFile; fileRef = C131584A25250BEA00BBFA57 /* AppDelegate.swift */; };
		C131585225250BEC00BBFA57 /* Assets.xcassets in Resources */ = {isa = PBXBuildFile; fileRef = C131585125250BEC00BBFA57 /* Assets.xcassets */; };
		C131585525250BEC00BBFA57 /* LaunchScreen.storyboard in Resources */ = {isa = PBXBuildFile; fileRef = C131585325250BEC00BBFA57 /* LaunchScreen.storyboard */; };
		C131586325250DF900BBFA57 /* Coordinator.swift in Sources */ = {isa = PBXBuildFile; fileRef = C131586225250DF900BBFA57 /* Coordinator.swift */; };
		C131586525250E3800BBFA57 /* StoryboardInstantiable.swift in Sources */ = {isa = PBXBuildFile; fileRef = C131586425250E3800BBFA57 /* StoryboardInstantiable.swift */; };
		C1A05ED12525FDFD008C37CE /* TabBarIcons.xcassets in Resources */ = {isa = PBXBuildFile; fileRef = C1A05ED02525FDFD008C37CE /* TabBarIcons.xcassets */; };
		C1A05ED52526077C008C37CE /* TabBarIcons.swift in Sources */ = {isa = PBXBuildFile; fileRef = C1A05ED42526077C008C37CE /* TabBarIcons.swift */; };
		C1A05ED825260D41008C37CE /* DashboardViewModel.swift in Sources */ = {isa = PBXBuildFile; fileRef = C1A05ED725260D41008C37CE /* DashboardViewModel.swift */; };
		C1A05EDA25260F7A008C37CE /* SingleItemWidgetViewModel.swift in Sources */ = {isa = PBXBuildFile; fileRef = C1A05ED925260F7A008C37CE /* SingleItemWidgetViewModel.swift */; };
		C1A05EDF2526109C008C37CE /* SingleItemWidgetCollectionViewCell.swift in Sources */ = {isa = PBXBuildFile; fileRef = C1A05EDD2526109C008C37CE /* SingleItemWidgetCollectionViewCell.swift */; };
		C1A05EE02526109C008C37CE /* SingleItemWidgetCollectionViewCell.xib in Resources */ = {isa = PBXBuildFile; fileRef = C1A05EDE2526109C008C37CE /* SingleItemWidgetCollectionViewCell.xib */; };
		C1A5D7C72525E2DA008A473A /* AppCoordinator.swift in Sources */ = {isa = PBXBuildFile; fileRef = C1A5D7C62525E2DA008A473A /* AppCoordinator.swift */; };
		C1A5D7CA2525E5FE008A473A /* TabBarCoordinator.swift in Sources */ = {isa = PBXBuildFile; fileRef = C1A5D7C92525E5FE008A473A /* TabBarCoordinator.swift */; };
		C1A5D7CC2525ED06008A473A /* DashboardViewController.storyboard in Resources */ = {isa = PBXBuildFile; fileRef = C1A5D7CB2525ED06008A473A /* DashboardViewController.storyboard */; };
		C1A5D7CE2525ED31008A473A /* DashboardViewController.swift in Sources */ = {isa = PBXBuildFile; fileRef = C1A5D7CD2525ED31008A473A /* DashboardViewController.swift */; };
		C1A5D7D02525EDA4008A473A /* DashboardCoordinator.swift in Sources */ = {isa = PBXBuildFile; fileRef = C1A5D7CF2525EDA4008A473A /* DashboardCoordinator.swift */; };
/* End PBXBuildFile section */

/* Begin PBXFileReference section */
		C131584725250BEA00BBFA57 /* TestAppForDefineSolutions.app */ = {isa = PBXFileReference; explicitFileType = wrapper.application; includeInIndex = 0; path = TestAppForDefineSolutions.app; sourceTree = BUILT_PRODUCTS_DIR; };
		C131584A25250BEA00BBFA57 /* AppDelegate.swift */ = {isa = PBXFileReference; lastKnownFileType = sourcecode.swift; path = AppDelegate.swift; sourceTree = "<group>"; };
		C131585125250BEC00BBFA57 /* Assets.xcassets */ = {isa = PBXFileReference; lastKnownFileType = folder.assetcatalog; path = Assets.xcassets; sourceTree = "<group>"; };
		C131585425250BEC00BBFA57 /* Base */ = {isa = PBXFileReference; lastKnownFileType = file.storyboard; name = Base; path = Base.lproj/LaunchScreen.storyboard; sourceTree = "<group>"; };
		C131585625250BEC00BBFA57 /* Info.plist */ = {isa = PBXFileReference; lastKnownFileType = text.plist.xml; path = Info.plist; sourceTree = "<group>"; };
		C131586225250DF900BBFA57 /* Coordinator.swift */ = {isa = PBXFileReference; lastKnownFileType = sourcecode.swift; path = Coordinator.swift; sourceTree = "<group>"; };
		C131586425250E3800BBFA57 /* StoryboardInstantiable.swift */ = {isa = PBXFileReference; lastKnownFileType = sourcecode.swift; path = StoryboardInstantiable.swift; sourceTree = "<group>"; };
		C1A05ED02525FDFD008C37CE /* TabBarIcons.xcassets */ = {isa = PBXFileReference; lastKnownFileType = folder.assetcatalog; path = TabBarIcons.xcassets; sourceTree = "<group>"; };
		C1A05ED42526077C008C37CE /* TabBarIcons.swift */ = {isa = PBXFileReference; lastKnownFileType = sourcecode.swift; path = TabBarIcons.swift; sourceTree = "<group>"; };
		C1A05ED725260D41008C37CE /* DashboardViewModel.swift */ = {isa = PBXFileReference; lastKnownFileType = sourcecode.swift; path = DashboardViewModel.swift; sourceTree = "<group>"; };
		C1A05ED925260F7A008C37CE /* SingleItemWidgetViewModel.swift */ = {isa = PBXFileReference; lastKnownFileType = sourcecode.swift; path = SingleItemWidgetViewModel.swift; sourceTree = "<group>"; };
		C1A05EDD2526109C008C37CE /* SingleItemWidgetCollectionViewCell.swift */ = {isa = PBXFileReference; lastKnownFileType = sourcecode.swift; path = SingleItemWidgetCollectionViewCell.swift; sourceTree = "<group>"; };
		C1A05EDE2526109C008C37CE /* SingleItemWidgetCollectionViewCell.xib */ = {isa = PBXFileReference; lastKnownFileType = file.xib; path = SingleItemWidgetCollectionViewCell.xib; sourceTree = "<group>"; };
		C1A5D7C62525E2DA008A473A /* AppCoordinator.swift */ = {isa = PBXFileReference; lastKnownFileType = sourcecode.swift; path = AppCoordinator.swift; sourceTree = "<group>"; };
		C1A5D7C92525E5FE008A473A /* TabBarCoordinator.swift */ = {isa = PBXFileReference; lastKnownFileType = sourcecode.swift; path = TabBarCoordinator.swift; sourceTree = "<group>"; };
		C1A5D7CB2525ED06008A473A /* DashboardViewController.storyboard */ = {isa = PBXFileReference; lastKnownFileType = file.storyboard; path = DashboardViewController.storyboard; sourceTree = "<group>"; };
		C1A5D7CD2525ED31008A473A /* DashboardViewController.swift */ = {isa = PBXFileReference; lastKnownFileType = sourcecode.swift; path = DashboardViewController.swift; sourceTree = "<group>"; };
		C1A5D7CF2525EDA4008A473A /* DashboardCoordinator.swift */ = {isa = PBXFileReference; lastKnownFileType = sourcecode.swift; path = DashboardCoordinator.swift; sourceTree = "<group>"; };
/* End PBXFileReference section */

/* Begin PBXFrameworksBuildPhase section */
		C131584425250BEA00BBFA57 /* Frameworks */ = {
			isa = PBXFrameworksBuildPhase;
			buildActionMask = 2147483647;
			files = (
			);
			runOnlyForDeploymentPostprocessing = 0;
		};
/* End PBXFrameworksBuildPhase section */

/* Begin PBXGroup section */
		C131583E25250BEA00BBFA57 = {
			isa = PBXGroup;
			children = (
				C131584925250BEA00BBFA57 /* TestAppForDefineSolutions */,
				C131584825250BEA00BBFA57 /* Products */,
			);
			sourceTree = "<group>";
		};
		C131584825250BEA00BBFA57 /* Products */ = {
			isa = PBXGroup;
			children = (
				C131584725250BEA00BBFA57 /* TestAppForDefineSolutions.app */,
			);
			name = Products;
			sourceTree = "<group>";
		};
		C131584925250BEA00BBFA57 /* TestAppForDefineSolutions */ = {
			isa = PBXGroup;
			children = (
				C131586025250DCE00BBFA57 /* Screens */,
				C131585F25250DC300BBFA57 /* Coordinator related */,
				C131585E25250DA700BBFA57 /* Resourses */,
				C131585D25250D9900BBFA57 /* Models */,
				C131585C25250C2E00BBFA57 /* Application */,
				C131585125250BEC00BBFA57 /* Assets.xcassets */,
				C131585325250BEC00BBFA57 /* LaunchScreen.storyboard */,
			);
			path = TestAppForDefineSolutions;
			sourceTree = "<group>";
		};
		C131585C25250C2E00BBFA57 /* Application */ = {
			isa = PBXGroup;
			children = (
				C131584A25250BEA00BBFA57 /* AppDelegate.swift */,
				C131585625250BEC00BBFA57 /* Info.plist */,
				C1A5D7C62525E2DA008A473A /* AppCoordinator.swift */,
			);
			path = Application;
			sourceTree = "<group>";
		};
		C131585D25250D9900BBFA57 /* Models */ = {
			isa = PBXGroup;
			children = (
				C1A05ED625260D1B008C37CE /* DashboardViewModels */,
			);
			path = Models;
			sourceTree = "<group>";
		};
		C131585E25250DA700BBFA57 /* Resourses */ = {
			isa = PBXGroup;
			children = (
				C1A05ED02525FDFD008C37CE /* TabBarIcons.xcassets */,
				C1A05ED42526077C008C37CE /* TabBarIcons.swift */,
			);
			path = Resourses;
			sourceTree = "<group>";
		};
		C131585F25250DC300BBFA57 /* Coordinator related */ = {
			isa = PBXGroup;
			children = (
				C131586225250DF900BBFA57 /* Coordinator.swift */,
				C131586425250E3800BBFA57 /* StoryboardInstantiable.swift */,
			);
			path = "Coordinator related";
			sourceTree = "<group>";
		};
		C131586025250DCE00BBFA57 /* Screens */ = {
			isa = PBXGroup;
			children = (
				C1A5D7C82525E5E4008A473A /* TabBar */,
				C131586125250DE300BBFA57 /* DashboardViewController */,
			);
			path = Screens;
			sourceTree = "<group>";
		};
		C131586125250DE300BBFA57 /* DashboardViewController */ = {
			isa = PBXGroup;
			children = (
				C1A05EDB2526105B008C37CE /* DashboardCollectionViewCells */,
				C1A5D7CB2525ED06008A473A /* DashboardViewController.storyboard */,
				C1A5D7CD2525ED31008A473A /* DashboardViewController.swift */,
				C1A5D7CF2525EDA4008A473A /* DashboardCoordinator.swift */,
			);
			path = DashboardViewController;
			sourceTree = "<group>";
		};
		C1A05ED625260D1B008C37CE /* DashboardViewModels */ = {
			isa = PBXGroup;
			children = (
				C1A05ED725260D41008C37CE /* DashboardViewModel.swift */,
				C1A05ED925260F7A008C37CE /* SingleItemWidgetViewModel.swift */,
			);
			path = DashboardViewModels;
			sourceTree = "<group>";
		};
		C1A05EDB2526105B008C37CE /* DashboardCollectionViewCells */ = {
			isa = PBXGroup;
			children = (
				C1A05EDC25261072008C37CE /* SingleItemWidgetCell */,
			);
			path = DashboardCollectionViewCells;
			sourceTree = "<group>";
		};
		C1A05EDC25261072008C37CE /* SingleItemWidgetCell */ = {
			isa = PBXGroup;
			children = (
				C1A05EDD2526109C008C37CE /* SingleItemWidgetCollectionViewCell.swift */,
				C1A05EDE2526109C008C37CE /* SingleItemWidgetCollectionViewCell.xib */,
			);
			path = SingleItemWidgetCell;
			sourceTree = "<group>";
		};
		C1A5D7C82525E5E4008A473A /* TabBar */ = {
			isa = PBXGroup;
			children = (
				C1A5D7C92525E5FE008A473A /* TabBarCoordinator.swift */,
			);
			path = TabBar;
			sourceTree = "<group>";
		};
/* End PBXGroup section */

/* Begin PBXNativeTarget section */
		C131584625250BEA00BBFA57 /* TestAppForDefineSolutions */ = {
			isa = PBXNativeTarget;
			buildConfigurationList = C131585925250BEC00BBFA57 /* Build configuration list for PBXNativeTarget "TestAppForDefineSolutions" */;
			buildPhases = (
				C131584325250BEA00BBFA57 /* Sources */,
				C131584425250BEA00BBFA57 /* Frameworks */,
				C131584525250BEA00BBFA57 /* Resources */,
			);
			buildRules = (
			);
			dependencies = (
			);
			name = TestAppForDefineSolutions;
			productName = TestAppForDefineSolutions;
			productReference = C131584725250BEA00BBFA57 /* TestAppForDefineSolutions.app */;
			productType = "com.apple.product-type.application";
		};
/* End PBXNativeTarget section */

/* Begin PBXProject section */
		C131583F25250BEA00BBFA57 /* Project object */ = {
			isa = PBXProject;
			attributes = {
				LastSwiftUpdateCheck = 1010;
				LastUpgradeCheck = 1010;
				ORGANIZATIONNAME = Kolos;
				TargetAttributes = {
					C131584625250BEA00BBFA57 = {
						CreatedOnToolsVersion = 10.1;
					};
				};
			};
			buildConfigurationList = C131584225250BEA00BBFA57 /* Build configuration list for PBXProject "TestAppForDefineSolutions" */;
			compatibilityVersion = "Xcode 9.3";
			developmentRegion = en;
			hasScannedForEncodings = 0;
			knownRegions = (
				en,
				Base,
			);
			mainGroup = C131583E25250BEA00BBFA57;
			productRefGroup = C131584825250BEA00BBFA57 /* Products */;
			projectDirPath = "";
			projectRoot = "";
			targets = (
				C131584625250BEA00BBFA57 /* TestAppForDefineSolutions */,
			);
		};
/* End PBXProject section */

/* Begin PBXResourcesBuildPhase section */
		C131584525250BEA00BBFA57 /* Resources */ = {
			isa = PBXResourcesBuildPhase;
			buildActionMask = 2147483647;
			files = (
				C1A05EE02526109C008C37CE /* SingleItemWidgetCollectionViewCell.xib in Resources */,
				C1A05ED12525FDFD008C37CE /* TabBarIcons.xcassets in Resources */,
				C1A5D7CC2525ED06008A473A /* DashboardViewController.storyboard in Resources */,
				C131585525250BEC00BBFA57 /* LaunchScreen.storyboard in Resources */,
				C131585225250BEC00BBFA57 /* Assets.xcassets in Resources */,
			);
			runOnlyForDeploymentPostprocessing = 0;
		};
/* End PBXResourcesBuildPhase section */

/* Begin PBXSourcesBuildPhase section */
		C131584325250BEA00BBFA57 /* Sources */ = {
			isa = PBXSourcesBuildPhase;
			buildActionMask = 2147483647;
			files = (
				C1A05EDA25260F7A008C37CE /* SingleItemWidgetViewModel.swift in Sources */,
				C131584B25250BEA00BBFA57 /* AppDelegate.swift in Sources */,
				C1A05EDF2526109C008C37CE /* SingleItemWidgetCollectionViewCell.swift in Sources */,
				C1A5D7CE2525ED31008A473A /* DashboardViewController.swift in Sources */,
				C1A5D7CA2525E5FE008A473A /* TabBarCoordinator.swift in Sources */,
				C1A05ED825260D41008C37CE /* DashboardViewModel.swift in Sources */,
				C1A5D7C72525E2DA008A473A /* AppCoordinator.swift in Sources */,
				C1A05ED52526077C008C37CE /* TabBarIcons.swift in Sources */,
				C131586525250E3800BBFA57 /* StoryboardInstantiable.swift in Sources */,
				C131586325250DF900BBFA57 /* Coordinator.swift in Sources */,
				C1A5D7D02525EDA4008A473A /* DashboardCoordinator.swift in Sources */,
			);
			runOnlyForDeploymentPostprocessing = 0;
		};
/* End PBXSourcesBuildPhase section */

/* Begin PBXVariantGroup section */
		C131585325250BEC00BBFA57 /* LaunchScreen.storyboard */ = {
			isa = PBXVariantGroup;
			children = (
				C131585425250BEC00BBFA57 /* Base */,
			);
			name = LaunchScreen.storyboard;
			sourceTree = "<group>";
		};
/* End PBXVariantGroup section */

/* Begin XCBuildConfiguration section */
		C131585725250BEC00BBFA57 /* Debug */ = {
			isa = XCBuildConfiguration;
			buildSettings = {
				ALWAYS_SEARCH_USER_PATHS = NO;
				CLANG_ANALYZER_NONNULL = YES;
				CLANG_ANALYZER_NUMBER_OBJECT_CONVERSION = YES_AGGRESSIVE;
				CLANG_CXX_LANGUAGE_STANDARD = "gnu++14";
				CLANG_CXX_LIBRARY = "libc++";
				CLANG_ENABLE_MODULES = YES;
				CLANG_ENABLE_OBJC_ARC = YES;
				CLANG_ENABLE_OBJC_WEAK = YES;
				CLANG_WARN_BLOCK_CAPTURE_AUTORELEASING = YES;
				CLANG_WARN_BOOL_CONVERSION = YES;
				CLANG_WARN_COMMA = YES;
				CLANG_WARN_CONSTANT_CONVERSION = YES;
				CLANG_WARN_DEPRECATED_OBJC_IMPLEMENTATIONS = YES;
				CLANG_WARN_DIRECT_OBJC_ISA_USAGE = YES_ERROR;
				CLANG_WARN_DOCUMENTATION_COMMENTS = YES;
				CLANG_WARN_EMPTY_BODY = YES;
				CLANG_WARN_ENUM_CONVERSION = YES;
				CLANG_WARN_INFINITE_RECURSION = YES;
				CLANG_WARN_INT_CONVERSION = YES;
				CLANG_WARN_NON_LITERAL_NULL_CONVERSION = YES;
				CLANG_WARN_OBJC_IMPLICIT_RETAIN_SELF = YES;
				CLANG_WARN_OBJC_LITERAL_CONVERSION = YES;
				CLANG_WARN_OBJC_ROOT_CLASS = YES_ERROR;
				CLANG_WARN_RANGE_LOOP_ANALYSIS = YES;
				CLANG_WARN_STRICT_PROTOTYPES = YES;
				CLANG_WARN_SUSPICIOUS_MOVE = YES;
				CLANG_WARN_UNGUARDED_AVAILABILITY = YES_AGGRESSIVE;
				CLANG_WARN_UNREACHABLE_CODE = YES;
				CLANG_WARN__DUPLICATE_METHOD_MATCH = YES;
				CODE_SIGN_IDENTITY = "iPhone Developer";
				COPY_PHASE_STRIP = NO;
				DEBUG_INFORMATION_FORMAT = dwarf;
				ENABLE_STRICT_OBJC_MSGSEND = YES;
				ENABLE_TESTABILITY = YES;
				GCC_C_LANGUAGE_STANDARD = gnu11;
				GCC_DYNAMIC_NO_PIC = NO;
				GCC_NO_COMMON_BLOCKS = YES;
				GCC_OPTIMIZATION_LEVEL = 0;
				GCC_PREPROCESSOR_DEFINITIONS = (
					"DEBUG=1",
					"$(inherited)",
				);
				GCC_WARN_64_TO_32_BIT_CONVERSION = YES;
				GCC_WARN_ABOUT_RETURN_TYPE = YES_ERROR;
				GCC_WARN_UNDECLARED_SELECTOR = YES;
				GCC_WARN_UNINITIALIZED_AUTOS = YES_AGGRESSIVE;
				GCC_WARN_UNUSED_FUNCTION = YES;
				GCC_WARN_UNUSED_VARIABLE = YES;
				IPHONEOS_DEPLOYMENT_TARGET = 12.1;
				MTL_ENABLE_DEBUG_INFO = INCLUDE_SOURCE;
				MTL_FAST_MATH = YES;
				ONLY_ACTIVE_ARCH = YES;
				SDKROOT = iphoneos;
				SWIFT_ACTIVE_COMPILATION_CONDITIONS = DEBUG;
				SWIFT_OPTIMIZATION_LEVEL = "-Onone";
			};
			name = Debug;
		};
		C131585825250BEC00BBFA57 /* Release */ = {
			isa = XCBuildConfiguration;
			buildSettings = {
				ALWAYS_SEARCH_USER_PATHS = NO;
				CLANG_ANALYZER_NONNULL = YES;
				CLANG_ANALYZER_NUMBER_OBJECT_CONVERSION = YES_AGGRESSIVE;
				CLANG_CXX_LANGUAGE_STANDARD = "gnu++14";
				CLANG_CXX_LIBRARY = "libc++";
				CLANG_ENABLE_MODULES = YES;
				CLANG_ENABLE_OBJC_ARC = YES;
				CLANG_ENABLE_OBJC_WEAK = YES;
				CLANG_WARN_BLOCK_CAPTURE_AUTORELEASING = YES;
				CLANG_WARN_BOOL_CONVERSION = YES;
				CLANG_WARN_COMMA = YES;
				CLANG_WARN_CONSTANT_CONVERSION = YES;
				CLANG_WARN_DEPRECATED_OBJC_IMPLEMENTATIONS = YES;
				CLANG_WARN_DIRECT_OBJC_ISA_USAGE = YES_ERROR;
				CLANG_WARN_DOCUMENTATION_COMMENTS = YES;
				CLANG_WARN_EMPTY_BODY = YES;
				CLANG_WARN_ENUM_CONVERSION = YES;
				CLANG_WARN_INFINITE_RECURSION = YES;
				CLANG_WARN_INT_CONVERSION = YES;
				CLANG_WARN_NON_LITERAL_NULL_CONVERSION = YES;
				CLANG_WARN_OBJC_IMPLICIT_RETAIN_SELF = YES;
				CLANG_WARN_OBJC_LITERAL_CONVERSION = YES;
				CLANG_WARN_OBJC_ROOT_CLASS = YES_ERROR;
				CLANG_WARN_RANGE_LOOP_ANALYSIS = YES;
				CLANG_WARN_STRICT_PROTOTYPES = YES;
				CLANG_WARN_SUSPICIOUS_MOVE = YES;
				CLANG_WARN_UNGUARDED_AVAILABILITY = YES_AGGRESSIVE;
				CLANG_WARN_UNREACHABLE_CODE = YES;
				CLANG_WARN__DUPLICATE_METHOD_MATCH = YES;
				CODE_SIGN_IDENTITY = "iPhone Developer";
				COPY_PHASE_STRIP = NO;
				DEBUG_INFORMATION_FORMAT = "dwarf-with-dsym";
				ENABLE_NS_ASSERTIONS = NO;
				ENABLE_STRICT_OBJC_MSGSEND = YES;
				GCC_C_LANGUAGE_STANDARD = gnu11;
				GCC_NO_COMMON_BLOCKS = YES;
				GCC_WARN_64_TO_32_BIT_CONVERSION = YES;
				GCC_WARN_ABOUT_RETURN_TYPE = YES_ERROR;
				GCC_WARN_UNDECLARED_SELECTOR = YES;
				GCC_WARN_UNINITIALIZED_AUTOS = YES_AGGRESSIVE;
				GCC_WARN_UNUSED_FUNCTION = YES;
				GCC_WARN_UNUSED_VARIABLE = YES;
				IPHONEOS_DEPLOYMENT_TARGET = 12.1;
				MTL_ENABLE_DEBUG_INFO = NO;
				MTL_FAST_MATH = YES;
				SDKROOT = iphoneos;
				SWIFT_COMPILATION_MODE = wholemodule;
				SWIFT_OPTIMIZATION_LEVEL = "-O";
				VALIDATE_PRODUCT = YES;
			};
			name = Release;
		};
		C131585A25250BEC00BBFA57 /* Debug */ = {
			isa = XCBuildConfiguration;
			buildSettings = {
				ASSETCATALOG_COMPILER_APPICON_NAME = AppIcon;
				CODE_SIGN_STYLE = Automatic;
				INFOPLIST_FILE = "$(SRCROOT)/TestAppForDefineSolutions/Application/Info.plist";
				LD_RUNPATH_SEARCH_PATHS = (
					"$(inherited)",
					"@executable_path/Frameworks",
				);
				PRODUCT_BUNDLE_IDENTIFIER = kolosqko.TestAppForDefineSolutions;
				PRODUCT_NAME = "$(TARGET_NAME)";
				SWIFT_VERSION = 4.2;
				TARGETED_DEVICE_FAMILY = "1,2";
			};
			name = Debug;
		};
		C131585B25250BEC00BBFA57 /* Release */ = {
			isa = XCBuildConfiguration;
			buildSettings = {
				ASSETCATALOG_COMPILER_APPICON_NAME = AppIcon;
				CODE_SIGN_STYLE = Automatic;
				INFOPLIST_FILE = "$(SRCROOT)/TestAppForDefineSolutions/Application/Info.plist";
				LD_RUNPATH_SEARCH_PATHS = (
					"$(inherited)",
					"@executable_path/Frameworks",
				);
				PRODUCT_BUNDLE_IDENTIFIER = kolosqko.TestAppForDefineSolutions;
				PRODUCT_NAME = "$(TARGET_NAME)";
				SWIFT_VERSION = 4.2;
				TARGETED_DEVICE_FAMILY = "1,2";
			};
			name = Release;
		};
/* End XCBuildConfiguration section */

/* Begin XCConfigurationList section */
		C131584225250BEA00BBFA57 /* Build configuration list for PBXProject "TestAppForDefineSolutions" */ = {
			isa = XCConfigurationList;
			buildConfigurations = (
				C131585725250BEC00BBFA57 /* Debug */,
				C131585825250BEC00BBFA57 /* Release */,
			);
			defaultConfigurationIsVisible = 0;
			defaultConfigurationName = Release;
		};
		C131585925250BEC00BBFA57 /* Build configuration list for PBXNativeTarget "TestAppForDefineSolutions" */ = {
			isa = XCConfigurationList;
			buildConfigurations = (
				C131585A25250BEC00BBFA57 /* Debug */,
				C131585B25250BEC00BBFA57 /* Release */,
			);
			defaultConfigurationIsVisible = 0;
			defaultConfigurationName = Release;
		};
/* End XCConfigurationList section */
	};
	rootObject = C131583F25250BEA00BBFA57 /* Project object */;
}
